
Microsoft Visual Studio Solution File, Format Version 12.00
# Visual Studio Version 16
VisualStudioVersion = 16.0.31624.102
MinimumVisualStudioVersion = 10.0.40219.1
Project("{FAE04EC0-301F-11D3-BF4B-00C04F79EFBC}") = "Packman", "Packman.csproj", "{F7EFA675-9D0A-4E6D-BCE6-DA7A6A4E973A}"
EndProject
Global
	GlobalSection(SolutionConfigurationPlatforms) = preSolution
		Debug|Any CPU = Debug|Any CPU
		Release|Any CPU = Release|Any CPU
	EndGlobalSection
	GlobalSection(ProjectConfigurationPlatforms) = postSolution
		{F7EFA675-9D0A-4E6D-BCE6-DA7A6A4E973A}.Debug|Any CPU.ActiveCfg = Debug|Any CPU
		{F7EFA675-9D0A-4E6D-BCE6-DA7A6A4E973A}.Debug|Any CPU.Build.0 = Debug|Any CPU
		{F7EFA675-9D0A-4E6D-BCE6-DA7A6A4E973A}.Release|Any CPU.ActiveCfg = Release|Any CPU
		{F7EFA675-9D0A-4E6D-BCE6-DA7A6A4E973A}.Release|Any CPU.Build.0 = Release|Any CPU
	EndGlobalSection
	GlobalSection(SolutionProperties) = preSolution
		HideSolutionNode = FALSE
	EndGlobalSection
	GlobalSection(ExtensibilityGlobals) = postSolution
		SolutionGuid = {EA4DF4DB-884C-4D5A-8511-4D5C9AE164C9}
	EndGlobalSection
EndGlobal
