
Microsoft Visual Studio Solution File, Format Version 12.00
# Visual Studio Version 16
VisualStudioVersion = 16.0.31624.102
MinimumVisualStudioVersion = 10.0.40219.1
Project("{FAE04EC0-301F-11D3-BF4B-00C04F79EFBC}") = "Donkey Kong", "Donkey Kong.csproj", "{65BE46B8-2AAA-4A5D-9705-6C7D404360CF}"
EndProject
Global
	GlobalSection(SolutionConfigurationPlatforms) = preSolution
		Debug|Any CPU = Debug|Any CPU
		Release|Any CPU = Release|Any CPU
	EndGlobalSection
	GlobalSection(ProjectConfigurationPlatforms) = postSolution
		{65BE46B8-2AAA-4A5D-9705-6C7D404360CF}.Debug|Any CPU.ActiveCfg = Debug|Any CPU
		{65BE46B8-2AAA-4A5D-9705-6C7D404360CF}.Debug|Any CPU.Build.0 = Debug|Any CPU
		{65BE46B8-2AAA-4A5D-9705-6C7D404360CF}.Release|Any CPU.ActiveCfg = Release|Any CPU
		{65BE46B8-2AAA-4A5D-9705-6C7D404360CF}.Release|Any CPU.Build.0 = Release|Any CPU
	EndGlobalSection
	GlobalSection(SolutionProperties) = preSolution
		HideSolutionNode = FALSE
	EndGlobalSection
	GlobalSection(ExtensibilityGlobals) = postSolution
		SolutionGuid = {658B120A-E4CF-49DC-86E7-07C520E99BEB}
	EndGlobalSection
EndGlobal
